// !$*UTF8*$!
{
	archiveVersion = 1;
	classes = {
	};
	objectVersion = 77;
	objects = {

/* Begin PBXBuildFile section */
		03461155119042D6739D7619 /* WanderEnums.swift in Sources */ = {isa = PBXBuildFile; fileRef = 038D4985674B1D969110954F /* WanderEnums.swift */; };
		13E38F0F2359AD89CE1F8C7D /* VisibilityPolicyTests.swift in Sources */ = {isa = PBXBuildFile; fileRef = C1AFBD6D06D23BC0C007F77C /* VisibilityPolicyTests.swift */; };
		13E758A98CE1235F8E35D5C9 /* SettingsScreen.swift in Sources */ = {isa = PBXBuildFile; fileRef = A090198414BF253FB326D960 /* SettingsScreen.swift */; };
		1892B85AE93D8064CAA26A43 /* WanderRootView.swift in Sources */ = {isa = PBXBuildFile; fileRef = 12893CD9516BC58FD7D3BE43 /* WanderRootView.swift */; };
		1B7020D5DE060F6868A92ED9 /* DiscoverModels.swift in Sources */ = {isa = PBXBuildFile; fileRef = ECAA1872AD66E4F03247D987 /* DiscoverModels.swift */; };
		3CF5CCC68B3176026CC6C517 /* WanderTheme.swift in Sources */ = {isa = PBXBuildFile; fileRef = 1B3AB5F19E8F9650C9E32C1B /* WanderTheme.swift */; };
		4852690B9E162276A1564F4A /* NavigationContractTests.swift in Sources */ = {isa = PBXBuildFile; fileRef = 15482C29796B02CF92D9B5AD /* NavigationContractTests.swift */; };
		494E2C67824F5DC9AFBDC46C /* WanderFixtures.swift in Sources */ = {isa = PBXBuildFile; fileRef = C00EA2E6F128127B2CED014D /* WanderFixtures.swift */; };
		52B8AC44581CEA630201DEB3 /* SyncStateMachine.swift in Sources */ = {isa = PBXBuildFile; fileRef = C0925F17F5640CFD88F70EBA /* SyncStateMachine.swift */; };
		6C035ED0288DBF6D7F44666C /* WanderStoreTests.swift in Sources */ = {isa = PBXBuildFile; fileRef = 2F1CF8668571F118A931FD44 /* WanderStoreTests.swift */; };
		6E92ECEF915365AE40170F7E /* AnalyticsEvent.swift in Sources */ = {isa = PBXBuildFile; fileRef = DE62D76C9EC89546850909A7 /* AnalyticsEvent.swift */; };
		74A35271B61D71C5E6823428 /* DiscoverParserTests.swift in Sources */ = {isa = PBXBuildFile; fileRef = 260AFCEFE1676DA113FBED9A /* DiscoverParserTests.swift */; };
		7EAAF1336D42DE0DB9D236F9 /* AddScreen.swift in Sources */ = {isa = PBXBuildFile; fileRef = AB7720F9AA05786E6D66C6D1 /* AddScreen.swift */; };
		802B6E19ED265CAD0AE34C82 /* SyncStateMachineTests.swift in Sources */ = {isa = PBXBuildFile; fileRef = 7B4A6B29FC1235EFF60DA19D /* SyncStateMachineTests.swift */; };
		812F84570207D139A528319C /* DiscoverScreen.swift in Sources */ = {isa = PBXBuildFile; fileRef = 0322598C99E44A8C80A90F4E /* DiscoverScreen.swift */; };
		9800E02122FDAD2796619FC8 /* WanderLocalStore.swift in Sources */ = {isa = PBXBuildFile; fileRef = F24FC798DA90E577118B4BAA /* WanderLocalStore.swift */; };
		A586AFE40AEFCE74B711BAA5 /* RepositoryProtocols.swift in Sources */ = {isa = PBXBuildFile; fileRef = 0E9E2D335495DCCA3943A885 /* RepositoryProtocols.swift */; };
		A8710E56BE6DB7AA89C9AD66 /* ContactProvider.swift in Sources */ = {isa = PBXBuildFile; fileRef = D5665DF2A481AC9A45CE315E /* ContactProvider.swift */; };
		AF5D0849C43DDC7D8AA7A9BF /* LocalModels.swift in Sources */ = {isa = PBXBuildFile; fileRef = CED7D1302D938DD4775E8816 /* LocalModels.swift */; };
		BC07AB3F1E3B95100DB6F3F0 /* MapScreen.swift in Sources */ = {isa = PBXBuildFile; fileRef = CF55A883DB97E39A4A2D85F2 /* MapScreen.swift */; };
		C212DC4C46E67610E6FE2A94 /* ProfileScreen.swift in Sources */ = {isa = PBXBuildFile; fileRef = 5A4CBE5F7AC41BC3C52B6337 /* ProfileScreen.swift */; };
		D659F5CBC1EEB692D6216008 /* VisibilityPolicy.swift in Sources */ = {isa = PBXBuildFile; fileRef = EFBB1E0FFAE279FBB7C42FEF /* VisibilityPolicy.swift */; };
		E675767BE5C249B99B816B74 /* WanderApp.swift in Sources */ = {isa = PBXBuildFile; fileRef = 0078639327C81EA5F98400B4 /* WanderApp.swift */; };
		F1A980E1C39359FCE8D7495D /* ThemeTokenTests.swift in Sources */ = {isa = PBXBuildFile; fileRef = 3B8C1F5EB6AF68AB6C4BAE54 /* ThemeTokenTests.swift */; };
/* End PBXBuildFile section */

/* Begin PBXContainerItemProxy section */
		D1BA836BC8EBA25E01F6F554 /* PBXContainerItemProxy */ = {
			isa = PBXContainerItemProxy;
			containerPortal = 15ACB6487E48F756B4649314 /* Project object */;
			proxyType = 1;
			remoteGlobalIDString = DAEABFB4D177DCC30394FDDE;
			remoteInfo = Wander;
		};
/* End PBXContainerItemProxy section */

/* Begin PBXFileReference section */
		0078639327C81EA5F98400B4 /* WanderApp.swift */ = {isa = PBXFileReference; lastKnownFileType = sourcecode.swift; path = WanderApp.swift; sourceTree = "<group>"; };
		0322598C99E44A8C80A90F4E /* DiscoverScreen.swift */ = {isa = PBXFileReference; lastKnownFileType = sourcecode.swift; path = DiscoverScreen.swift; sourceTree = "<group>"; };
		038D4985674B1D969110954F /* WanderEnums.swift */ = {isa = PBXFileReference; lastKnownFileType = sourcecode.swift; path = WanderEnums.swift; sourceTree = "<group>"; };
		0E9E2D335495DCCA3943A885 /* RepositoryProtocols.swift */ = {isa = PBXFileReference; lastKnownFileType = sourcecode.swift; path = RepositoryProtocols.swift; sourceTree = "<group>"; };
		12893CD9516BC58FD7D3BE43 /* WanderRootView.swift */ = {isa = PBXFileReference; lastKnownFileType = sourcecode.swift; path = WanderRootView.swift; sourceTree = "<group>"; };
		15482C29796B02CF92D9B5AD /* NavigationContractTests.swift */ = {isa = PBXFileReference; lastKnownFileType = sourcecode.swift; path = NavigationContractTests.swift; sourceTree = "<group>"; };
		1B3AB5F19E8F9650C9E32C1B /* WanderTheme.swift */ = {isa = PBXFileReference; lastKnownFileType = sourcecode.swift; path = WanderTheme.swift; sourceTree = "<group>"; };
		260AFCEFE1676DA113FBED9A /* DiscoverParserTests.swift */ = {isa = PBXFileReference; lastKnownFileType = sourcecode.swift; path = DiscoverParserTests.swift; sourceTree = "<group>"; };
		2F1CF8668571F118A931FD44 /* WanderStoreTests.swift */ = {isa = PBXFileReference; lastKnownFileType = sourcecode.swift; path = WanderStoreTests.swift; sourceTree = "<group>"; };
		317CB1CBE1C6774523775204 /* WanderTests.xctest */ = {isa = PBXFileReference; includeInIndex = 0; lastKnownFileType = wrapper.cfbundle; path = WanderTests.xctest; sourceTree = BUILT_PRODUCTS_DIR; };
		3B8C1F5EB6AF68AB6C4BAE54 /* ThemeTokenTests.swift */ = {isa = PBXFileReference; lastKnownFileType = sourcecode.swift; path = ThemeTokenTests.swift; sourceTree = "<group>"; };
		5A4CBE5F7AC41BC3C52B6337 /* ProfileScreen.swift */ = {isa = PBXFileReference; lastKnownFileType = sourcecode.swift; path = ProfileScreen.swift; sourceTree = "<group>"; };
		7A02BE0AE86E482916C8F103 /* Wander.app */ = {isa = PBXFileReference; includeInIndex = 0; lastKnownFileType = wrapper.application; path = Wander.app; sourceTree = BUILT_PRODUCTS_DIR; };
		7B4A6B29FC1235EFF60DA19D /* SyncStateMachineTests.swift */ = {isa = PBXFileReference; lastKnownFileType = sourcecode.swift; path = SyncStateMachineTests.swift; sourceTree = "<group>"; };
		A090198414BF253FB326D960 /* SettingsScreen.swift */ = {isa = PBXFileReference; lastKnownFileType = sourcecode.swift; path = SettingsScreen.swift; sourceTree = "<group>"; };
		AB7720F9AA05786E6D66C6D1 /* AddScreen.swift */ = {isa = PBXFileReference; lastKnownFileType = sourcecode.swift; path = AddScreen.swift; sourceTree = "<group>"; };
		C00EA2E6F128127B2CED014D /* WanderFixtures.swift */ = {isa = PBXFileReference; lastKnownFileType = sourcecode.swift; path = WanderFixtures.swift; sourceTree = "<group>"; };
		C0925F17F5640CFD88F70EBA /* SyncStateMachine.swift */ = {isa = PBXFileReference; lastKnownFileType = sourcecode.swift; path = SyncStateMachine.swift; sourceTree = "<group>"; };
		C1AFBD6D06D23BC0C007F77C /* VisibilityPolicyTests.swift */ = {isa = PBXFileReference; lastKnownFileType = sourcecode.swift; path = VisibilityPolicyTests.swift; sourceTree = "<group>"; };
		CED7D1302D938DD4775E8816 /* LocalModels.swift */ = {isa = PBXFileReference; lastKnownFileType = sourcecode.swift; path = LocalModels.swift; sourceTree = "<group>"; };
		CF55A883DB97E39A4A2D85F2 /* MapScreen.swift */ = {isa = PBXFileReference; lastKnownFileType = sourcecode.swift; path = MapScreen.swift; sourceTree = "<group>"; };
		D5665DF2A481AC9A45CE315E /* ContactProvider.swift */ = {isa = PBXFileReference; lastKnownFileType = sourcecode.swift; path = ContactProvider.swift; sourceTree = "<group>"; };
		D63987ED78C8738917AB869B /* Info.plist */ = {isa = PBXFileReference; lastKnownFileType = text.plist; path = Info.plist; sourceTree = "<group>"; };
		DE62D76C9EC89546850909A7 /* AnalyticsEvent.swift */ = {isa = PBXFileReference; lastKnownFileType = sourcecode.swift; path = AnalyticsEvent.swift; sourceTree = "<group>"; };
		ECAA1872AD66E4F03247D987 /* DiscoverModels.swift */ = {isa = PBXFileReference; lastKnownFileType = sourcecode.swift; path = DiscoverModels.swift; sourceTree = "<group>"; };
		EFBB1E0FFAE279FBB7C42FEF /* VisibilityPolicy.swift */ = {isa = PBXFileReference; lastKnownFileType = sourcecode.swift; path = VisibilityPolicy.swift; sourceTree = "<group>"; };
		F24FC798DA90E577118B4BAA /* WanderLocalStore.swift */ = {isa = PBXFileReference; lastKnownFileType = sourcecode.swift; path = WanderLocalStore.swift; sourceTree = "<group>"; };
/* End PBXFileReference section */

/* Begin PBXGroup section */
		04BA9E1910151F8CE097DB8B /* Add */ = {
			isa = PBXGroup;
			children = (
				AB7720F9AA05786E6D66C6D1 /* AddScreen.swift */,
			);
			path = Add;
			sourceTree = "<group>";
		};
		0E3F068FDAECC148F80E1433 = {
			isa = PBXGroup;
			children = (
				CE6D74648C6C3ADC5A83C412 /* Wander */,
				50C0A1B97B6E1F27DEE9A6CE /* WanderTests */,
				F2F4ECD0469D370B01FDE9BB /* Products */,
			);
			sourceTree = "<group>";
		};
		15834F66DEF41606BB0DC1EC /* Discover */ = {
			isa = PBXGroup;
			children = (
				0322598C99E44A8C80A90F4E /* DiscoverScreen.swift */,
			);
			path = Discover;
			sourceTree = "<group>";
		};
		1A311A78E3A18425352BE1CB /* Resources */ = {
			isa = PBXGroup;
			children = (
				D63987ED78C8738917AB869B /* Info.plist */,
			);
			path = Resources;
			sourceTree = "<group>";
		};
		220ECAA9E795A3F5ECA61011 /* Features */ = {
			isa = PBXGroup;
			children = (
				04BA9E1910151F8CE097DB8B /* Add */,
				15834F66DEF41606BB0DC1EC /* Discover */,
				3E0DF1BF4F5C9F3DB4574EC9 /* Map */,
				4A1457E24C108BFE5085D9F7 /* Profile */,
				D655C90336D6F1F9476C0577 /* Settings */,
			);
			path = Features;
			sourceTree = "<group>";
		};
		3E0DF1BF4F5C9F3DB4574EC9 /* Map */ = {
			isa = PBXGroup;
			children = (
				CF55A883DB97E39A4A2D85F2 /* MapScreen.swift */,
			);
			path = Map;
			sourceTree = "<group>";
		};
		4A1457E24C108BFE5085D9F7 /* Profile */ = {
			isa = PBXGroup;
			children = (
				5A4CBE5F7AC41BC3C52B6337 /* ProfileScreen.swift */,
			);
			path = Profile;
			sourceTree = "<group>";
		};
		50C0A1B97B6E1F27DEE9A6CE /* WanderTests */ = {
			isa = PBXGroup;
			children = (
				260AFCEFE1676DA113FBED9A /* DiscoverParserTests.swift */,
				15482C29796B02CF92D9B5AD /* NavigationContractTests.swift */,
				7B4A6B29FC1235EFF60DA19D /* SyncStateMachineTests.swift */,
				3B8C1F5EB6AF68AB6C4BAE54 /* ThemeTokenTests.swift */,
				C1AFBD6D06D23BC0C007F77C /* VisibilityPolicyTests.swift */,
				2F1CF8668571F118A931FD44 /* WanderStoreTests.swift */,
			);
			path = WanderTests;
			sourceTree = "<group>";
		};
		74079079D5E95AD2E796B1E8 /* DesignSystem */ = {
			isa = PBXGroup;
			children = (
				1B3AB5F19E8F9650C9E32C1B /* WanderTheme.swift */,
			);
			path = DesignSystem;
			sourceTree = "<group>";
		};
		C8403BB176FCA62C7D566901 /* App */ = {
			isa = PBXGroup;
			children = (
				0078639327C81EA5F98400B4 /* WanderApp.swift */,
				12893CD9516BC58FD7D3BE43 /* WanderRootView.swift */,
			);
			path = App;
			sourceTree = "<group>";
		};
		CE6D74648C6C3ADC5A83C412 /* Wander */ = {
			isa = PBXGroup;
			children = (
				C8403BB176FCA62C7D566901 /* App */,
				74079079D5E95AD2E796B1E8 /* DesignSystem */,
				220ECAA9E795A3F5ECA61011 /* Features */,
				E8C412A5051CD9CCBE4E8249 /* Models */,
				1A311A78E3A18425352BE1CB /* Resources */,
				FD75AD4E98CEDD964846DCA0 /* Services */,
			);
			path = Wander;
			sourceTree = "<group>";
		};
		D655C90336D6F1F9476C0577 /* Settings */ = {
			isa = PBXGroup;
			children = (
				A090198414BF253FB326D960 /* SettingsScreen.swift */,
			);
			path = Settings;
			sourceTree = "<group>";
		};
		E8C412A5051CD9CCBE4E8249 /* Models */ = {
			isa = PBXGroup;
			children = (
				CED7D1302D938DD4775E8816 /* LocalModels.swift */,
				038D4985674B1D969110954F /* WanderEnums.swift */,
			);
			path = Models;
			sourceTree = "<group>";
		};
		F2F4ECD0469D370B01FDE9BB /* Products */ = {
			isa = PBXGroup;
			children = (
				7A02BE0AE86E482916C8F103 /* Wander.app */,
				317CB1CBE1C6774523775204 /* WanderTests.xctest */,
			);
			name = Products;
			sourceTree = "<group>";
		};
		FD75AD4E98CEDD964846DCA0 /* Services */ = {
			isa = PBXGroup;
			children = (
				DE62D76C9EC89546850909A7 /* AnalyticsEvent.swift */,
				D5665DF2A481AC9A45CE315E /* ContactProvider.swift */,
				ECAA1872AD66E4F03247D987 /* DiscoverModels.swift */,
				0E9E2D335495DCCA3943A885 /* RepositoryProtocols.swift */,
				C0925F17F5640CFD88F70EBA /* SyncStateMachine.swift */,
				EFBB1E0FFAE279FBB7C42FEF /* VisibilityPolicy.swift */,
				C00EA2E6F128127B2CED014D /* WanderFixtures.swift */,
				F24FC798DA90E577118B4BAA /* WanderLocalStore.swift */,
			);
			path = Services;
			sourceTree = "<group>";
		};
/* End PBXGroup section */

/* Begin PBXNativeTarget section */
		0A325A118755573578F89F15 /* WanderTests */ = {
			isa = PBXNativeTarget;
			buildConfigurationList = 0ED2594294971F381BE0136A /* Build configuration list for PBXNativeTarget "WanderTests" */;
			buildPhases = (
				8F2696591ED3034AEB25A26D /* Sources */,
			);
			buildRules = (
			);
			dependencies = (
				12343BFB235E678E7F061746 /* PBXTargetDependency */,
			);
			name = WanderTests;
			packageProductDependencies = (
			);
			productName = WanderTests;
			productReference = 317CB1CBE1C6774523775204 /* WanderTests.xctest */;
			productType = "com.apple.product-type.bundle.unit-test";
		};
		DAEABFB4D177DCC30394FDDE /* Wander */ = {
			isa = PBXNativeTarget;
			buildConfigurationList = 48F40F5E41FF1B36B60E64DD /* Build configuration list for PBXNativeTarget "Wander" */;
			buildPhases = (
				253A78D5C405C147FE022694 /* Sources */,
			);
			buildRules = (
			);
			dependencies = (
			);
			name = Wander;
			packageProductDependencies = (
			);
			productName = Wander;
			productReference = 7A02BE0AE86E482916C8F103 /* Wander.app */;
			productType = "com.apple.product-type.application";
		};
/* End PBXNativeTarget section */

/* Begin PBXProject section */
		15ACB6487E48F756B4649314 /* Project object */ = {
			isa = PBXProject;
			attributes = {
				BuildIndependentTargetsInParallel = YES;
				LastUpgradeCheck = 1430;
				TargetAttributes = {
					0A325A118755573578F89F15 = {
						DevelopmentTeam = "";
					};
					DAEABFB4D177DCC30394FDDE = {
						DevelopmentTeam = "";
					};
				};
			};
			buildConfigurationList = F9B4DCBD13A5F3108CE22518 /* Build configuration list for PBXProject "Wander" */;
			developmentRegion = en;
			hasScannedForEncodings = 0;
			knownRegions = (
				Base,
				en,
			);
			mainGroup = 0E3F068FDAECC148F80E1433;
			minimizedProjectReferenceProxies = 1;
			preferredProjectObjectVersion = 77;
			productRefGroup = F2F4ECD0469D370B01FDE9BB /* Products */;
			projectDirPath = "";
			projectRoot = "";
			targets = (
				DAEABFB4D177DCC30394FDDE /* Wander */,
				0A325A118755573578F89F15 /* WanderTests */,
			);
		};
/* End PBXProject section */

/* Begin PBXSourcesBuildPhase section */
		253A78D5C405C147FE022694 /* Sources */ = {
			isa = PBXSourcesBuildPhase;
			buildActionMask = 2147483647;
			files = (
				7EAAF1336D42DE0DB9D236F9 /* AddScreen.swift in Sources */,
				6E92ECEF915365AE40170F7E /* AnalyticsEvent.swift in Sources */,
				A8710E56BE6DB7AA89C9AD66 /* ContactProvider.swift in Sources */,
				1B7020D5DE060F6868A92ED9 /* DiscoverModels.swift in Sources */,
				812F84570207D139A528319C /* DiscoverScreen.swift in Sources */,
				AF5D0849C43DDC7D8AA7A9BF /* LocalModels.swift in Sources */,
				BC07AB3F1E3B95100DB6F3F0 /* MapScreen.swift in Sources */,
				C212DC4C46E67610E6FE2A94 /* ProfileScreen.swift in Sources */,
				A586AFE40AEFCE74B711BAA5 /* RepositoryProtocols.swift in Sources */,
				13E758A98CE1235F8E35D5C9 /* SettingsScreen.swift in Sources */,
				52B8AC44581CEA630201DEB3 /* SyncStateMachine.swift in Sources */,
				D659F5CBC1EEB692D6216008 /* VisibilityPolicy.swift in Sources */,
				E675767BE5C249B99B816B74 /* WanderApp.swift in Sources */,
				03461155119042D6739D7619 /* WanderEnums.swift in Sources */,
				494E2C67824F5DC9AFBDC46C /* WanderFixtures.swift in Sources */,
				9800E02122FDAD2796619FC8 /* WanderLocalStore.swift in Sources */,
				1892B85AE93D8064CAA26A43 /* WanderRootView.swift in Sources */,
				3CF5CCC68B3176026CC6C517 /* WanderTheme.swift in Sources */,
			);
			runOnlyForDeploymentPostprocessing = 0;
		};
		8F2696591ED3034AEB25A26D /* Sources */ = {
			isa = PBXSourcesBuildPhase;
			buildActionMask = 2147483647;
			files = (
				74A35271B61D71C5E6823428 /* DiscoverParserTests.swift in Sources */,
				4852690B9E162276A1564F4A /* NavigationContractTests.swift in Sources */,
				802B6E19ED265CAD0AE34C82 /* SyncStateMachineTests.swift in Sources */,
				F1A980E1C39359FCE8D7495D /* ThemeTokenTests.swift in Sources */,
				13E38F0F2359AD89CE1F8C7D /* VisibilityPolicyTests.swift in Sources */,
				6C035ED0288DBF6D7F44666C /* WanderStoreTests.swift in Sources */,
			);
			runOnlyForDeploymentPostprocessing = 0;
		};
/* End PBXSourcesBuildPhase section */

/* Begin PBXTargetDependency section */
		12343BFB235E678E7F061746 /* PBXTargetDependency */ = {
			isa = PBXTargetDependency;
			target = DAEABFB4D177DCC30394FDDE /* Wander */;
			targetProxy = D1BA836BC8EBA25E01F6F554 /* PBXContainerItemProxy */;
		};
/* End PBXTargetDependency section */

/* Begin XCBuildConfiguration section */
		1E3A51C39136BA462B778946 /* Debug */ = {
			isa = XCBuildConfiguration;
			buildSettings = {
				ASSETCATALOG_COMPILER_APPICON_NAME = AppIcon;
				CODE_SIGN_IDENTITY = "iPhone Developer";
				CURRENT_PROJECT_VERSION = 1;
				GENERATE_INFOPLIST_FILE = NO;
				INFOPLIST_FILE = Wander/Resources/Info.plist;
				LD_RUNPATH_SEARCH_PATHS = (
					"$(inherited)",
					"@executable_path/Frameworks",
				);
				MARKETING_VERSION = 0.1;
				PRODUCT_BUNDLE_IDENTIFIER = com.grayline.wander;
				SDKROOT = iphoneos;
				TARGETED_DEVICE_FAMILY = "1,2";
			};
			name = Debug;
		};
		98BE6269A1618DE2ECCB47B5 /* Release */ = {
			isa = XCBuildConfiguration;
			buildSettings = {
				ALWAYS_SEARCH_USER_PATHS = NO;
				CLANG_ANALYZER_NONNULL = YES;
				CLANG_ANALYZER_NUMBER_OBJECT_CONVERSION = YES_AGGRESSIVE;
				CLANG_CXX_LANGUAGE_STANDARD = "gnu++14";
				CLANG_CXX_LIBRARY = "libc++";
				CLANG_ENABLE_MODULES = YES;
				CLANG_ENABLE_OBJC_ARC = YES;
				CLANG_ENABLE_OBJC_WEAK = YES;
				CLANG_WARN_BLOCK_CAPTURE_AUTORELEASING = YES;
				CLANG_WARN_BOOL_CONVERSION = YES;
				CLANG_WARN_COMMA = YES;
				CLANG_WARN_CONSTANT_CONVERSION = YES;
				CLANG_WARN_DEPRECATED_OBJC_IMPLEMENTATIONS = YES;
				CLANG_WARN_DIRECT_OBJC_ISA_USAGE = YES_ERROR;
				CLANG_WARN_DOCUMENTATION_COMMENTS = YES;
				CLANG_WARN_EMPTY_BODY = YES;
				CLANG_WARN_ENUM_CONVERSION = YES;
				CLANG_WARN_INFINITE_RECURSION = YES;
				CLANG_WARN_INT_CONVERSION = YES;
				CLANG_WARN_NON_LITERAL_NULL_CONVERSION = YES;
				CLANG_WARN_OBJC_IMPLICIT_RETAIN_SELF = YES;
				CLANG_WARN_OBJC_LITERAL_CONVERSION = YES;
				CLANG_WARN_OBJC_ROOT_CLASS = YES_ERROR;
				CLANG_WARN_QUOTED_INCLUDE_IN_FRAMEWORK_HEADER = YES;
				CLANG_WARN_RANGE_LOOP_ANALYSIS = YES;
				CLANG_WARN_STRICT_PROTOTYPES = YES;
				CLANG_WARN_SUSPICIOUS_MOVE = YES;
				CLANG_WARN_UNGUARDED_AVAILABILITY = YES_AGGRESSIVE;
				CLANG_WARN_UNREACHABLE_CODE = YES;
				CLANG_WARN__DUPLICATE_METHOD_MATCH = YES;
				COPY_PHASE_STRIP = NO;
				DEBUG_INFORMATION_FORMAT = "dwarf-with-dsym";
				DEVELOPMENT_TEAM = "";
				ENABLE_NS_ASSERTIONS = NO;
				ENABLE_STRICT_OBJC_MSGSEND = YES;
				GCC_C_LANGUAGE_STANDARD = gnu11;
				GCC_NO_COMMON_BLOCKS = YES;
				GCC_WARN_64_TO_32_BIT_CONVERSION = YES;
				GCC_WARN_ABOUT_RETURN_TYPE = YES_ERROR;
				GCC_WARN_UNDECLARED_SELECTOR = YES;
				GCC_WARN_UNINITIALIZED_AUTOS = YES_AGGRESSIVE;
				GCC_WARN_UNUSED_FUNCTION = YES;
				GCC_WARN_UNUSED_VARIABLE = YES;
				IPHONEOS_DEPLOYMENT_TARGET = 17.0;
				MTL_ENABLE_DEBUG_INFO = NO;
				MTL_FAST_MATH = YES;
				PRODUCT_NAME = "$(TARGET_NAME)";
				SDKROOT = iphoneos;
				SWIFT_COMPILATION_MODE = wholemodule;
				SWIFT_OPTIMIZATION_LEVEL = "-O";
				SWIFT_VERSION = 6.0;
			};
			name = Release;
		};
		98C77DC356FB1881F7298017 /* Debug */ = {
			isa = XCBuildConfiguration;
			buildSettings = {
				ALWAYS_SEARCH_USER_PATHS = NO;
				CLANG_ANALYZER_NONNULL = YES;
				CLANG_ANALYZER_NUMBER_OBJECT_CONVERSION = YES_AGGRESSIVE;
				CLANG_CXX_LANGUAGE_STANDARD = "gnu++14";
				CLANG_CXX_LIBRARY = "libc++";
				CLANG_ENABLE_MODULES = YES;
				CLANG_ENABLE_OBJC_ARC = YES;
				CLANG_ENABLE_OBJC_WEAK = YES;
				CLANG_WARN_BLOCK_CAPTURE_AUTORELEASING = YES;
				CLANG_WARN_BOOL_CONVERSION = YES;
				CLANG_WARN_COMMA = YES;
				CLANG_WARN_CONSTANT_CONVERSION = YES;
				CLANG_WARN_DEPRECATED_OBJC_IMPLEMENTATIONS = YES;
				CLANG_WARN_DIRECT_OBJC_ISA_USAGE = YES_ERROR;
				CLANG_WARN_DOCUMENTATION_COMMENTS = YES;
				CLANG_WARN_EMPTY_BODY = YES;
				CLANG_WARN_ENUM_CONVERSION = YES;
				CLANG_WARN_INFINITE_RECURSION = YES;
				CLANG_WARN_INT_CONVERSION = YES;
				CLANG_WARN_NON_LITERAL_NULL_CONVERSION = YES;
				CLANG_WARN_OBJC_IMPLICIT_RETAIN_SELF = YES;
				CLANG_WARN_OBJC_LITERAL_CONVERSION = YES;
				CLANG_WARN_OBJC_ROOT_CLASS = YES_ERROR;
				CLANG_WARN_QUOTED_INCLUDE_IN_FRAMEWORK_HEADER = YES;
				CLANG_WARN_RANGE_LOOP_ANALYSIS = YES;
				CLANG_WARN_STRICT_PROTOTYPES = YES;
				CLANG_WARN_SUSPICIOUS_MOVE = YES;
				CLANG_WARN_UNGUARDED_AVAILABILITY = YES_AGGRESSIVE;
				CLANG_WARN_UNREACHABLE_CODE = YES;
				CLANG_WARN__DUPLICATE_METHOD_MATCH = YES;
				COPY_PHASE_STRIP = NO;
				DEBUG_INFORMATION_FORMAT = dwarf;
				DEVELOPMENT_TEAM = "";
				ENABLE_STRICT_OBJC_MSGSEND = YES;
				ENABLE_TESTABILITY = YES;
				GCC_C_LANGUAGE_STANDARD = gnu11;
				GCC_DYNAMIC_NO_PIC = NO;
				GCC_NO_COMMON_BLOCKS = YES;
				GCC_OPTIMIZATION_LEVEL = 0;
				GCC_PREPROCESSOR_DEFINITIONS = (
					"$(inherited)",
					"DEBUG=1",
				);
				GCC_WARN_64_TO_32_BIT_CONVERSION = YES;
				GCC_WARN_ABOUT_RETURN_TYPE = YES_ERROR;
				GCC_WARN_UNDECLARED_SELECTOR = YES;
				GCC_WARN_UNINITIALIZED_AUTOS = YES_AGGRESSIVE;
				GCC_WARN_UNUSED_FUNCTION = YES;
				GCC_WARN_UNUSED_VARIABLE = YES;
				IPHONEOS_DEPLOYMENT_TARGET = 17.0;
				MTL_ENABLE_DEBUG_INFO = INCLUDE_SOURCE;
				MTL_FAST_MATH = YES;
				ONLY_ACTIVE_ARCH = YES;
				PRODUCT_NAME = "$(TARGET_NAME)";
				SDKROOT = iphoneos;
				SWIFT_ACTIVE_COMPILATION_CONDITIONS = DEBUG;
				SWIFT_OPTIMIZATION_LEVEL = "-Onone";
				SWIFT_VERSION = 6.0;
			};
			name = Debug;
		};
		C2ACB46E283FC2C1E4813F26 /* Debug */ = {
			isa = XCBuildConfiguration;
			buildSettings = {
				BUNDLE_LOADER = "$(TEST_HOST)";
				LD_RUNPATH_SEARCH_PATHS = (
					"$(inherited)",
					"@executable_path/Frameworks",
					"@loader_path/Frameworks",
				);
				PRODUCT_BUNDLE_IDENTIFIER = com.grayline.wander.tests;
				SDKROOT = iphoneos;
				TARGETED_DEVICE_FAMILY = "1,2";
				TEST_HOST = "$(BUILT_PRODUCTS_DIR)/Wander.app/Wander";
			};
			name = Debug;
		};
		C514CDA863C7F4D1F8C6CF5E /* Release */ = {
			isa = XCBuildConfiguration;
			buildSettings = {
				ASSETCATALOG_COMPILER_APPICON_NAME = AppIcon;
				CODE_SIGN_IDENTITY = "iPhone Developer";
				CURRENT_PROJECT_VERSION = 1;
				GENERATE_INFOPLIST_FILE = NO;
				INFOPLIST_FILE = Wander/Resources/Info.plist;
				LD_RUNPATH_SEARCH_PATHS = (
					"$(inherited)",
					"@executable_path/Frameworks",
				);
				MARKETING_VERSION = 0.1;
				PRODUCT_BUNDLE_IDENTIFIER = com.grayline.wander;
				SDKROOT = iphoneos;
				TARGETED_DEVICE_FAMILY = "1,2";
			};
			name = Release;
		};
		CCEF3E49E4C9F33F43DC74E8 /* Release */ = {
			isa = XCBuildConfiguration;
			buildSettings = {
				BUNDLE_LOADER = "$(TEST_HOST)";
				LD_RUNPATH_SEARCH_PATHS = (
					"$(inherited)",
					"@executable_path/Frameworks",
					"@loader_path/Frameworks",
				);
				PRODUCT_BUNDLE_IDENTIFIER = com.grayline.wander.tests;
				SDKROOT = iphoneos;
				TARGETED_DEVICE_FAMILY = "1,2";
				TEST_HOST = "$(BUILT_PRODUCTS_DIR)/Wander.app/Wander";
			};
			name = Release;
		};
/* End XCBuildConfiguration section */

/* Begin XCConfigurationList section */
		0ED2594294971F381BE0136A /* Build configuration list for PBXNativeTarget "WanderTests" */ = {
			isa = XCConfigurationList;
			buildConfigurations = (
				C2ACB46E283FC2C1E4813F26 /* Debug */,
				CCEF3E49E4C9F33F43DC74E8 /* Release */,
			);
			defaultConfigurationIsVisible = 0;
			defaultConfigurationName = Debug;
		};
		48F40F5E41FF1B36B60E64DD /* Build configuration list for PBXNativeTarget "Wander" */ = {
			isa = XCConfigurationList;
			buildConfigurations = (
				1E3A51C39136BA462B778946 /* Debug */,
				C514CDA863C7F4D1F8C6CF5E /* Release */,
			);
			defaultConfigurationIsVisible = 0;
			defaultConfigurationName = Debug;
		};
		F9B4DCBD13A5F3108CE22518 /* Build configuration list for PBXProject "Wander" */ = {
			isa = XCConfigurationList;
			buildConfigurations = (
				98C77DC356FB1881F7298017 /* Debug */,
				98BE6269A1618DE2ECCB47B5 /* Release */,
			);
			defaultConfigurationIsVisible = 0;
			defaultConfigurationName = Debug;
		};
/* End XCConfigurationList section */
	};
	rootObject = 15ACB6487E48F756B4649314 /* Project object */;
}
